
Microsoft Visual Studio Solution File, Format Version 12.00
# Visual Studio Version 17
VisualStudioVersion = 17.7.33913.275
MinimumVisualStudioVersion = 10.0.40219.1
Project("{FAE04EC0-301F-11D3-BF4B-00C04F79EFBC}") = "CommunalTracker", "CommunalTracker.csproj", "{1A1E6C76-F602-46E3-B2FE-E394CAF66912}"
EndProject
Global
	GlobalSection(SolutionConfigurationPlatforms) = preSolution
		Debug|Any CPU = Debug|Any CPU
		Release|Any CPU = Release|Any CPU
	EndGlobalSection
	GlobalSection(ProjectConfigurationPlatforms) = postSolution
		{1A1E6C76-F602-46E3-B2FE-E394CAF66912}.Debug|Any CPU.ActiveCfg = Debug|Any CPU
		{1A1E6C76-F602-46E3-B2FE-E394CAF66912}.Debug|Any CPU.Build.0 = Debug|Any CPU
		{1A1E6C76-F602-46E3-B2FE-E394CAF66912}.Release|Any CPU.ActiveCfg = Release|Any CPU
		{1A1E6C76-F602-46E3-B2FE-E394CAF66912}.Release|Any CPU.Build.0 = Release|Any CPU
	EndGlobalSection
	GlobalSection(SolutionProperties) = preSolution
		HideSolutionNode = FALSE
	EndGlobalSection
	GlobalSection(ExtensibilityGlobals) = postSolution
		SolutionGuid = {1E193EAB-0F4B-4F8D-AFE4-18C9526F1226}
	EndGlobalSection
EndGlobal
